
Microsoft Visual Studio Solution File, Format Version 12.00
# Visual Studio 15
VisualStudioVersion = 15.0.28307.271
MinimumVisualStudioVersion = 10.0.40219.1
Project("{8BC9CEB8-8B4A-11D0-8D11-00A0C91BC942}") = "Матрица NxM", "Матрица NxM\Матрица NxM.vcxproj", "{72610321-F37A-45A0-BEF5-45924C281A26}"
EndProject
Global
	GlobalSection(SolutionConfigurationPlatforms) = preSolution
		Debug|x64 = Debug|x64
		Debug|x86 = Debug|x86
		Release|x64 = Release|x64
		Release|x86 = Release|x86
	EndGlobalSection
	GlobalSection(ProjectConfigurationPlatforms) = postSolution
		{72610321-F37A-45A0-BEF5-45924C281A26}.Debug|x64.ActiveCfg = Debug|x64
		{72610321-F37A-45A0-BEF5-45924C281A26}.Debug|x64.Build.0 = Debug|x64
		{72610321-F37A-45A0-BEF5-45924C281A26}.Debug|x86.ActiveCfg = Debug|Win32
		{72610321-F37A-45A0-BEF5-45924C281A26}.Debug|x86.Build.0 = Debug|Win32
		{72610321-F37A-45A0-BEF5-45924C281A26}.Release|x64.ActiveCfg = Release|x64
		{72610321-F37A-45A0-BEF5-45924C281A26}.Release|x64.Build.0 = Release|x64
		{72610321-F37A-45A0-BEF5-45924C281A26}.Release|x86.ActiveCfg = Release|Win32
		{72610321-F37A-45A0-BEF5-45924C281A26}.Release|x86.Build.0 = Release|Win32
	EndGlobalSection
	GlobalSection(SolutionProperties) = preSolution
		HideSolutionNode = FALSE
	EndGlobalSection
	GlobalSection(ExtensibilityGlobals) = postSolution
		SolutionGuid = {C853BED2-AADB-491C-B26A-4274175E6E47}
	EndGlobalSection
EndGlobal
